<?xml version="1.0" encoding="utf-8"?>
<Project ToolsVersion="4.0" xmlns="http://schemas.microsoft.com/developer/msbuild/2003">
  <ItemGroup>
    <Filter Include="Source Files">
      <UniqueIdentifier>{4FC737F1-C7A5-4376-A066-2A32D752A2FF}</UniqueIdentifier>
      <Extensions>cpp;c;cc;cxx;def;odl;idl;hpj;bat;asm;asmx</Extensions>
    </Filter>
    <Filter Include="Header Files">
      <UniqueIdentifier>{93995380-89BD-4b04-88EB-625FBE52EBFB}</UniqueIdentifier>
      <Extensions>h;hh;hpp;hxx;hm;inl;inc;xsd</Extensions>
    </Filter>
    <Filter Include="Resource Files">
      <UniqueIdentifier>{67DA6AB6-F800-4c08-8B7A-83BB121AAD01}</UniqueIdentifier>
      <Extensions>rc;ico;cur;bmp;dlg;rc2;rct;bin;rgs;gif;jpg;jpeg;jpe;resx;tiff;tif;png;wav;mfcribbon-ms</Extensions>
      <SourceControlFiles>False</SourceControlFiles>
    </Filter>
    <Filter Include="Framework">
      <UniqueIdentifier>{197b388b-ceee-4cc5-84c9-8fa7dd6cc7a9}</UniqueIdentifier>
    </Filter>
    <Filter Include="Framework\GameComponents">
      <UniqueIdentifier>{f7440687-f4de-4771-b67d-cbcf612a5c19}</UniqueIdentifier>
    </Filter>
    <Filter Include="Framework\GameControllers">
      <UniqueIdentifier>{141b91ce-14de-4ba3-8fe6-364954317b0f}</UniqueIdentifier>
    </Filter>
    <Filter Include="Framework\Scenes">
      <UniqueIdentifier>{38454f69-4d64-4130-ae8e-c136925d0f50}</UniqueIdentifier>
    </Filter>
    <Filter Include="Framework\MapReader">
      <UniqueIdentifier>{7199a57f-d6cd-4b76-925a-396c7d26febc}</UniqueIdentifier>
    </Filter>
    <Filter Include="Framework\GameObjects">
      <UniqueIdentifier>{0ad4cd95-31c2-4f7d-934a-ac80a4dd866c}</UniqueIdentifier>
    </Filter>
    <Filter Include="Framework\GameObjects\Player">
      <UniqueIdentifier>{5fd69450-97c3-4e0d-ba29-9ff7377a9505}</UniqueIdentifier>
    </Filter>
    <Filter Include="Framework\GameObjects\MapObjects">
      <UniqueIdentifier>{47b142cd-294b-49c2-81a6-4db7d2457b95}</UniqueIdentifier>
    </Filter>
    <Filter Include="Framework\GameDefines">
      <UniqueIdentifier>{9b5a9b8a-da07-445e-8ec2-51c3cb648f6e}</UniqueIdentifier>
    </Filter>
    <Filter Include="Framework\GameObjects\Orokus">
      <UniqueIdentifier>{f2d57632-df88-4c12-927d-80b3a6eb9815}</UniqueIdentifier>
    </Filter>
    <Filter Include="Framework\GameObjects\Orokus\Guards">
      <UniqueIdentifier>{7a14dc18-730c-47c6-a546-69c87666cabd}</UniqueIdentifier>
    </Filter>
    <Filter Include="Framework\GameObjects\Orokus\Camel">
      <UniqueIdentifier>{13a1ece7-6426-4d71-a70b-64ff86134dbd}</UniqueIdentifier>
    </Filter>
    <Filter Include="Framework\GameObjects\Orokus\Civilians">
      <UniqueIdentifier>{5c0a42ab-f441-4d46-bf58-72031bb6df7f}</UniqueIdentifier>
    </Filter>
    <Filter Include="Framework\GameObjects\MapObjects\Items">
      <UniqueIdentifier>{83c25727-4048-4a2c-b67a-d9c5d860e1d2}</UniqueIdentifier>
    </Filter>
    <Filter Include="Framework\GameObjects\MapObjects\Weapons">
      <UniqueIdentifier>{b2d6d1ca-a82e-470e-9949-d6d0a27e9404}</UniqueIdentifier>
    </Filter>
    <Filter Include="Framework\GameObjects\MapObjects\ObjectsMap">
      <UniqueIdentifier>{74ef1247-56ca-410f-afb6-167e21b9600a}</UniqueIdentifier>
    </Filter>
    <Filter Include="Framework\GameObjects\Orokus\BossJafar">
      <UniqueIdentifier>{e6d1e75a-2559-429d-8d4e-f6d4f3a73f7f}</UniqueIdentifier>
    </Filter>
  </ItemGroup>
  <ItemGroup>
    <ClCompile Include="GameComponents\Game.cpp">
      <Filter>Framework\GameComponents</Filter>
    </ClCompile>
    <ClCompile Include="GameComponents\GameGlobal.cpp">
      <Filter>Framework\GameComponents</Filter>
    </ClCompile>
    <ClCompile Include="GameComponents\GameTime.cpp">
      <Filter>Framework\GameComponents</Filter>
    </ClCompile>
    <ClCompile Include="GameComponents\Sprite.cpp">
      <Filter>Framework\GameComponents</Filter>
    </ClCompile>
    <ClCompile Include="GameComponents\Scene.cpp">
      <Filter>Framework\GameComponents</Filter>
    </ClCompile>
    <ClCompile Include="GameControllers\SceneManager.cpp">
      <Filter>Framework\GameControllers</Filter>
    </ClCompile>
    <ClCompile Include="GameComponents\Animation.cpp">
      <Filter>Framework\GameComponents</Filter>
    </ClCompile>
    <ClCompile Include="GameComponents\GameMap.cpp">
      <Filter>Framework\GameComponents</Filter>
    </ClCompile>
    <ClCompile Include="MapReader\base64.cpp">
      <Filter>Framework\MapReader</Filter>
    </ClCompile>
    <ClCompile Include="MapReader\miniz.c">
      <Filter>Framework\MapReader</Filter>
    </ClCompile>
    <ClCompile Include="MapReader\tinyxml2.cpp">
      <Filter>Framework\MapReader</Filter>
    </ClCompile>
    <ClCompile Include="MapReader\TmxEllipse.cpp">
      <Filter>Framework\MapReader</Filter>
    </ClCompile>
    <ClCompile Include="MapReader\TmxImage.cpp">
      <Filter>Framework\MapReader</Filter>
    </ClCompile>
    <ClCompile Include="MapReader\TmxImageLayer.cpp">
      <Filter>Framework\MapReader</Filter>
    </ClCompile>
    <ClCompile Include="MapReader\TmxLayer.cpp">
      <Filter>Framework\MapReader</Filter>
    </ClCompile>
    <ClCompile Include="MapReader\TmxMap.cpp">
      <Filter>Framework\MapReader</Filter>
    </ClCompile>
    <ClCompile Include="MapReader\TmxObject.cpp">
      <Filter>Framework\MapReader</Filter>
    </ClCompile>
    <ClCompile Include="MapReader\TmxObjectGroup.cpp">
      <Filter>Framework\MapReader</Filter>
    </ClCompile>
    <ClCompile Include="MapReader\TmxPolygon.cpp">
      <Filter>Framework\MapReader</Filter>
    </ClCompile>
    <ClCompile Include="MapReader\TmxPolyline.cpp">
      <Filter>Framework\MapReader</Filter>
    </ClCompile>
    <ClCompile Include="MapReader\TmxPropertySet.cpp">
      <Filter>Framework\MapReader</Filter>
    </ClCompile>
    <ClCompile Include="MapReader\TmxTerrain.cpp">
      <Filter>Framework\MapReader</Filter>
    </ClCompile>
    <ClCompile Include="MapReader\TmxTerrainArray.cpp">
      <Filter>Framework\MapReader</Filter>
    </ClCompile>
    <ClCompile Include="MapReader\TmxTile.cpp">
      <Filter>Framework\MapReader</Filter>
    </ClCompile>
    <ClCompile Include="MapReader\TmxTileLayer.cpp">
      <Filter>Framework\MapReader</Filter>
    </ClCompile>
    <ClCompile Include="MapReader\TmxTileOffset.cpp">
      <Filter>Framework\MapReader</Filter>
    </ClCompile>
    <ClCompile Include="MapReader\TmxTileset.cpp">
      <Filter>Framework\MapReader</Filter>
    </ClCompile>
    <ClCompile Include="MapReader\TmxUtil.cpp">
      <Filter>Framework\MapReader</Filter>
    </ClCompile>
    <ClCompile Include="GameComponents\Camera.cpp">
      <Filter>Framework\GameComponents</Filter>
    </ClCompile>
    <ClCompile Include="GameObjects\Player\Player.cpp">
      <Filter>Framework\GameObjects\Player</Filter>
    </ClCompile>
    <ClCompile Include="GameObjects\Player\PlayerData.cpp">
      <Filter>Framework\GameObjects\Player</Filter>
    </ClCompile>
    <ClCompile Include="GameObjects\Player\PlayerFallingState.cpp">
      <Filter>Framework\GameObjects\Player</Filter>
    </ClCompile>
    <ClCompile Include="GameObjects\Player\PlayerRunningState.cpp">
      <Filter>Framework\GameObjects\Player</Filter>
    </ClCompile>
    <ClCompile Include="GameObjects\Player\PlayerStandingState.cpp">
      <Filter>Framework\GameObjects\Player</Filter>
    </ClCompile>
    <ClCompile Include="GameObjects\Player\PlayerState.cpp">
      <Filter>Framework\GameObjects\Player</Filter>
    </ClCompile>
    <ClCompile Include="GameObjects\Entity.cpp">
      <Filter>Framework\GameObjects</Filter>
    </ClCompile>
    <ClCompile Include="GameComponents\GameCollision.cpp">
      <Filter>Framework\GameComponents</Filter>
    </ClCompile>
    <ClCompile Include="GameComponents\QuadTree.cpp">
      <Filter>Framework\GameComponents</Filter>
    </ClCompile>
    <ClCompile Include="GameObjects\Player\PlayerSittingState.cpp">
      <Filter>Framework\GameObjects\Player</Filter>
    </ClCompile>
    <ClCompile Include="GameObjects\Player\PlayerStandingAttackState.cpp">
      <Filter>Framework\GameObjects\Player</Filter>
    </ClCompile>
    <ClCompile Include="GameObjects\Player\PlayerSittingAttackState.cpp">
      <Filter>Framework\GameObjects\Player</Filter>
    </ClCompile>
    <ClCompile Include="GameObjects\Player\PlayerStandingThrowAppleState.cpp">
      <Filter>Framework\GameObjects\Player</Filter>
    </ClCompile>
    <ClCompile Include="GameObjects\Player\PlayerVerticalClimbingState.cpp">
      <Filter>Framework\GameObjects\Player</Filter>
    </ClCompile>
    <ClCompile Include="GameObjects\Player\PlayerHorizontalClimbingState.cpp">
      <Filter>Framework\GameObjects\Player</Filter>
    </ClCompile>
    <ClCompile Include="Main.cpp">
      <Filter>Source Files</Filter>
    </ClCompile>
    <ClCompile Include="Scenes\Scene1.cpp">
      <Filter>Framework\Scenes</Filter>
    </ClCompile>
    <ClCompile Include="GameObjects\Player\PlayerDeathState.cpp">
      <Filter>Framework\GameObjects\Player</Filter>
    </ClCompile>
    <ClCompile Include="GameObjects\Player\PlayerDefaultState.cpp">
      <Filter>Framework\GameObjects\Player</Filter>
    </ClCompile>
    <ClCompile Include="GameObjects\Player\PlayerSittingThrowAppleState.cpp">
      <Filter>Framework\GameObjects\Player</Filter>
    </ClCompile>
    <ClCompile Include="GameObjects\Player\PlayerJumpingAttackState.cpp">
      <Filter>Framework\GameObjects\Player</Filter>
    </ClCompile>
    <ClCompile Include="GameObjects\Player\PlayerJumpingThowAppleState.cpp">
      <Filter>Framework\GameObjects\Player</Filter>
    </ClCompile>
    <ClCompile Include="GameObjects\Player\PlayerHorizontalClimbingDefaultState.cpp">
      <Filter>Framework\GameObjects\Player</Filter>
    </ClCompile>
    <ClCompile Include="GameObjects\Orokus\Oroku.cpp">
      <Filter>Framework\GameObjects\Orokus</Filter>
    </ClCompile>
    <ClCompile Include="GameObjects\Orokus\OrokuData.cpp">
      <Filter>Framework\GameObjects\Orokus</Filter>
    </ClCompile>
    <ClCompile Include="GameObjects\Orokus\OrokuState.cpp">
      <Filter>Framework\GameObjects\Orokus</Filter>
    </ClCompile>
    <ClCompile Include="GameObjects\Orokus\Guards\FatGuard.cpp">
      <Filter>Framework\GameObjects\Orokus\Guards</Filter>
    </ClCompile>
    <ClCompile Include="GameObjects\Orokus\Guards\FatGuardStandingState.cpp">
      <Filter>Framework\GameObjects\Orokus\Guards</Filter>
    </ClCompile>
    <ClCompile Include="GameObjects\Orokus\Guards\StrongGuard.cpp">
      <Filter>Framework\GameObjects\Orokus\Guards</Filter>
    </ClCompile>
    <ClCompile Include="GameObjects\Orokus\Guards\StrongGuardStandingState.cpp">
      <Filter>Framework\GameObjects\Orokus\Guards</Filter>
    </ClCompile>
    <ClCompile Include="GameObjects\Orokus\Guards\ThinGuard.cpp">
      <Filter>Framework\GameObjects\Orokus\Guards</Filter>
    </ClCompile>
    <ClCompile Include="GameObjects\Orokus\Guards\ThinGuardAttackState.cpp">
      <Filter>Framework\GameObjects\Orokus\Guards</Filter>
    </ClCompile>
    <ClCompile Include="GameObjects\Orokus\Guards\ThinGuardRunningState.cpp">
      <Filter>Framework\GameObjects\Orokus\Guards</Filter>
    </ClCompile>
    <ClCompile Include="GameObjects\Orokus\Guards\StrongGuardAttackState.cpp">
      <Filter>Framework\GameObjects\Orokus\Guards</Filter>
    </ClCompile>
    <ClCompile Include="GameObjects\Orokus\Guards\StrongGuardRunningState.cpp">
      <Filter>Framework\GameObjects\Orokus\Guards</Filter>
    </ClCompile>
    <ClCompile Include="GameObjects\Orokus\Guards\FatGuardAttackState.cpp">
      <Filter>Framework\GameObjects\Orokus\Guards</Filter>
    </ClCompile>
    <ClCompile Include="GameObjects\Orokus\Guards\FatGuardRunningState.cpp">
      <Filter>Framework\GameObjects\Orokus\Guards</Filter>
    </ClCompile>
    <ClCompile Include="GameObjects\Orokus\Guards\FatGuardDefaultState.cpp">
      <Filter>Framework\GameObjects\Orokus\Guards</Filter>
    </ClCompile>
    <ClCompile Include="GameObjects\Player\PlayerStandingJumpState.cpp">
      <Filter>Framework\GameObjects\Player</Filter>
    </ClCompile>
    <ClCompile Include="GameObjects\Player\PlayerRunningJumpState.cpp">
      <Filter>Framework\GameObjects\Player</Filter>
    </ClCompile>
    <ClCompile Include="GameObjects\Player\PlayerRunningStopState.cpp">
      <Filter>Framework\GameObjects\Player</Filter>
    </ClCompile>
    <ClCompile Include="GameObjects\Player\PlayerFallingStopState.cpp">
      <Filter>Framework\GameObjects\Player</Filter>
    </ClCompile>
    <ClCompile Include="GameObjects\Player\PlayerPushingState.cpp">
      <Filter>Framework\GameObjects\Player</Filter>
    </ClCompile>
    <ClCompile Include="GameObjects\Player\PlayerClimbingAttackState.cpp">
      <Filter>Framework\GameObjects\Player</Filter>
    </ClCompile>
    <ClCompile Include="GameObjects\Player\PlayerClimbingThrowAppleState.cpp">
      <Filter>Framework\GameObjects\Player</Filter>
    </ClCompile>
    <ClCompile Include="GameObjects\Player\PlayerVerticalClimbingDefaultState.cpp">
      <Filter>Framework\GameObjects\Player</Filter>
    </ClCompile>
    <ClCompile Include="GameObjects\Player\PlayerVerticalClimbingJumpState.cpp">
      <Filter>Framework\GameObjects\Player</Filter>
    </ClCompile>
    <ClCompile Include="GameObjects\Player\PlayerStandingUpState.cpp">
      <Filter>Framework\GameObjects\Player</Filter>
    </ClCompile>
    <ClCompile Include="GameObjects\Player\PlayerStandingUpStopState.cpp">
      <Filter>Framework\GameObjects\Player</Filter>
    </ClCompile>
    <ClCompile Include="GameObjects\Orokus\Guards\ThinGuardDefaultState.cpp">
      <Filter>Framework\GameObjects\Orokus\Guards</Filter>
    </ClCompile>
    <ClCompile Include="GameObjects\Orokus\Guards\FatGuardHurtingState.cpp">
      <Filter>Framework\GameObjects\Orokus\Guards</Filter>
    </ClCompile>
    <ClCompile Include="GameObjects\Orokus\Guards\StrongGuardRunningFireState.cpp">
      <Filter>Framework\GameObjects\Orokus\Guards</Filter>
    </ClCompile>
    <ClCompile Include="GameObjects\Orokus\Guards\StrongGuardHurtingState.cpp">
      <Filter>Framework\GameObjects\Orokus\Guards</Filter>
    </ClCompile>
    <ClCompile Include="GameObjects\Orokus\Guards\ThinGuardHurtingState.cpp">
      <Filter>Framework\GameObjects\Orokus\Guards</Filter>
    </ClCompile>
    <ClCompile Include="GameObjects\Orokus\Camel\Camel.cpp">
      <Filter>Framework\GameObjects\Orokus\Camel</Filter>
    </ClCompile>
    <ClCompile Include="GameObjects\Orokus\Camel\CamelDefaultState.cpp">
      <Filter>Framework\GameObjects\Orokus\Camel</Filter>
    </ClCompile>
    <ClCompile Include="GameObjects\Orokus\Camel\CamelLyingState.cpp">
      <Filter>Framework\GameObjects\Orokus\Camel</Filter>
    </ClCompile>
    <ClCompile Include="GameObjects\Orokus\Civilians\CivilianWindow.cpp">
      <Filter>Framework\GameObjects\Orokus\Civilians</Filter>
    </ClCompile>
    <ClCompile Include="GameObjects\Orokus\Civilians\CivilianWindowThrowPotState.cpp">
      <Filter>Framework\GameObjects\Orokus\Civilians</Filter>
    </ClCompile>
    <ClCompile Include="GameObjects\Orokus\Civilians\CivilianWindowDefaultState.cpp">
      <Filter>Framework\GameObjects\Orokus\Civilians</Filter>
    </ClCompile>
    <ClCompile Include="GameObjects\Orokus\Civilians\CivilianCircus.cpp">
      <Filter>Framework\GameObjects\Orokus\Civilians</Filter>
    </ClCompile>
    <ClCompile Include="GameObjects\Orokus\Civilians\CivilianCircusStandingState.cpp">
      <Filter>Framework\GameObjects\Orokus\Civilians</Filter>
    </ClCompile>
    <ClCompile Include="GameObjects\MapObjects\Items\RevitalizationAction.cpp">
      <Filter>Framework\GameObjects\MapObjects\Items</Filter>
    </ClCompile>
    <ClCompile Include="GameObjects\MapObjects\Items\RevitalizationActionStop.cpp">
      <Filter>Framework\GameObjects\MapObjects\Items</Filter>
    </ClCompile>
    <ClCompile Include="GameObjects\MapObjects\Items\RevitalizationDefault.cpp">
      <Filter>Framework\GameObjects\MapObjects\Items</Filter>
    </ClCompile>
    <ClCompile Include="GameObjects\MapObjects\MapObject.cpp">
      <Filter>Framework\GameObjects\MapObjects</Filter>
    </ClCompile>
    <ClCompile Include="GameObjects\MapObjects\Items\AppleItem.cpp">
      <Filter>Framework\GameObjects\MapObjects\Items</Filter>
    </ClCompile>
    <ClCompile Include="GameObjects\MapObjects\Weapons\AppleWeapon.cpp">
      <Filter>Framework\GameObjects\MapObjects\Weapons</Filter>
    </ClCompile>
    <ClCompile Include="GameObjects\MapObjects\Weapons\PotWeapon.cpp">
      <Filter>Framework\GameObjects\MapObjects\Weapons</Filter>
    </ClCompile>
    <ClCompile Include="GameObjects\MapObjects\Weapons\PotWeaponEffect.cpp">
      <Filter>Framework\GameObjects\MapObjects\Weapons</Filter>
    </ClCompile>
    <ClCompile Include="GameObjects\MapObjects\Weapons\SwordWeapon.cpp">
      <Filter>Framework\GameObjects\MapObjects\Weapons</Filter>
    </ClCompile>
    <ClCompile Include="GameObjects\MapObjects\Weapons\AppleWeaponEffect.cpp">
      <Filter>Framework\GameObjects\MapObjects\Weapons</Filter>
    </ClCompile>
    <ClCompile Include="GameObjects\MapObjects\Items\Lamp.cpp">
      <Filter>Framework\GameObjects\MapObjects\Items</Filter>
    </ClCompile>
    <ClCompile Include="GameObjects\MapObjects\Items\LampEffect.cpp">
      <Filter>Framework\GameObjects\MapObjects\Items</Filter>
    </ClCompile>
    <ClCompile Include="GameObjects\MapObjects\Items\LampAttack.cpp">
      <Filter>Framework\GameObjects\MapObjects\Items</Filter>
    </ClCompile>
    <ClCompile Include="GameObjects\MapObjects\Items\HeadGenie.cpp">
      <Filter>Framework\GameObjects\MapObjects\Items</Filter>
    </ClCompile>
    <ClCompile Include="GameObjects\MapObjects\Items\Heart.cpp">
      <Filter>Framework\GameObjects\MapObjects\Items</Filter>
    </ClCompile>
    <ClCompile Include="GameObjects\MapObjects\Items\Life.cpp">
      <Filter>Framework\GameObjects\MapObjects\Items</Filter>
    </ClCompile>
    <ClCompile Include="GameObjects\MapObjects\ObjectsMap\Stairs.cpp">
      <Filter>Framework\GameObjects\MapObjects\ObjectsMap</Filter>
    </ClCompile>
    <ClCompile Include="GameObjects\Player\PlayerSomersaultState.cpp">
      <Filter>Framework\GameObjects\Player</Filter>
    </ClCompile>
    <ClCompile Include="GameObjects\MapObjects\ObjectsMap\Spring.cpp">
      <Filter>Framework\GameObjects\MapObjects\ObjectsMap</Filter>
    </ClCompile>
    <ClCompile Include="GameObjects\MapObjects\Items\Ruby.cpp">
      <Filter>Framework\GameObjects\MapObjects\Items</Filter>
    </ClCompile>
    <ClCompile Include="GameObjects\MapObjects\Items\ItemEffect_1.cpp">
      <Filter>Framework\GameObjects\MapObjects\Items</Filter>
    </ClCompile>
    <ClCompile Include="GameObjects\MapObjects\Items\ItemEffect_2.cpp">
      <Filter>Framework\GameObjects\MapObjects\Items</Filter>
    </ClCompile>
    <ClCompile Include="GameObjects\Player\PlayerRevivalState.cpp">
      <Filter>Framework\GameObjects\Player</Filter>
    </ClCompile>
    <ClCompile Include="GameObjects\Orokus\Civilians\CivilianBasket.cpp">
      <Filter>Framework\GameObjects\Orokus\Civilians</Filter>
    </ClCompile>
    <ClCompile Include="GameObjects\Orokus\Civilians\CivilianBasketAttackState.cpp">
      <Filter>Framework\GameObjects\Orokus\Civilians</Filter>
    </ClCompile>
    <ClCompile Include="GameObjects\Orokus\Civilians\CivilianBasketRunningState.cpp">
      <Filter>Framework\GameObjects\Orokus\Civilians</Filter>
    </ClCompile>
    <ClCompile Include="GameObjects\Orokus\Civilians\CivilianBasketStandingState.cpp">
      <Filter>Framework\GameObjects\Orokus\Civilians</Filter>
    </ClCompile>
    <ClCompile Include="GameObjects\MapObjects\Items\FeddlerMagic.cpp">
      <Filter>Framework\GameObjects\MapObjects\Items</Filter>
    </ClCompile>
    <ClCompile Include="GameObjects\MapObjects\Items\FeddlerMagicStop.cpp">
      <Filter>Framework\GameObjects\MapObjects\Items</Filter>
    </ClCompile>
    <ClCompile Include="GameObjects\MapObjects\Items\FeddlerStanding.cpp">
      <Filter>Framework\GameObjects\MapObjects\Items</Filter>
    </ClCompile>
    <ClCompile Include="GameObjects\MapObjects\Items\OrokuEffect.cpp">
      <Filter>Framework\GameObjects\MapObjects\Items</Filter>
    </ClCompile>
    <ClCompile Include="GameObjects\Orokus\BossJafar\Jafar.cpp">
      <Filter>Framework\GameObjects\Orokus\BossJafar</Filter>
    </ClCompile>
    <ClCompile Include="GameObjects\Orokus\BossJafar\JafarSnakeAttackState.cpp">
      <Filter>Framework\GameObjects\Orokus\BossJafar</Filter>
    </ClCompile>
    <ClCompile Include="GameObjects\Orokus\BossJafar\JafarWitchAttackState.cpp">
      <Filter>Framework\GameObjects\Orokus\BossJafar</Filter>
    </ClCompile>
    <ClCompile Include="GameObjects\Orokus\BossJafar\JafarDefaultState.cpp">
      <Filter>Framework\GameObjects\Orokus\BossJafar</Filter>
    </ClCompile>
    <ClCompile Include="GameObjects\MapObjects\Weapons\FireEffect.cpp">
      <Filter>Framework\GameObjects\MapObjects\Weapons</Filter>
    </ClCompile>
    <ClCompile Include="GameObjects\MapObjects\Weapons\FireWeapon.cpp">
      <Filter>Framework\GameObjects\MapObjects\Weapons</Filter>
    </ClCompile>
    <ClCompile Include="GameObjects\MapObjects\Weapons\StarWeapon.cpp">
      <Filter>Framework\GameObjects\MapObjects\Weapons</Filter>
    </ClCompile>
    <ClCompile Include="GameObjects\MapObjects\Weapons\StarWeaponEffect.cpp">
      <Filter>Framework\GameObjects\MapObjects\Weapons</Filter>
    </ClCompile>
    <ClCompile Include="GameObjects\MapObjects\Weapons\AppleWeaponEffectBoss.cpp">
      <Filter>Framework\GameObjects\MapObjects\Weapons</Filter>
    </ClCompile>
    <ClCompile Include="GameComponents\Sound.cpp">
      <Filter>Framework\GameComponents</Filter>
    </ClCompile>
    <ClCompile Include="GameComponents\Text.cpp">
      <Filter>Framework\GameComponents</Filter>
    </ClCompile>
    <ClCompile Include="GameObjects\MapObjects\ObjectsMap\SpringAction.cpp">
      <Filter>Framework\GameObjects\MapObjects\ObjectsMap</Filter>
    </ClCompile>
    <ClCompile Include="GameObjects\MapObjects\Weapons\SwordWeaponEffect.cpp">
      <Filter>Framework\GameObjects\MapObjects\Weapons</Filter>
    </ClCompile>
    <ClCompile Include="GameObjects\MapObjects\ObjectsMap\Cloud1_Scene1.cpp">
      <Filter>Framework\GameObjects\MapObjects\ObjectsMap</Filter>
    </ClCompile>
    <ClCompile Include="GameObjects\MapObjects\ObjectsMap\Cloud2_Scene1.cpp">
      <Filter>Framework\GameObjects\MapObjects\ObjectsMap</Filter>
    </ClCompile>
    <ClCompile Include="Scenes\Scene2.cpp">
      <Filter>Framework\Scenes</Filter>
    </ClCompile>
    <ClCompile Include="GameObjects\MapObjects\ObjectsMap\Cloud2_Scene2.cpp">
      <Filter>Framework\GameObjects\MapObjects\ObjectsMap</Filter>
    </ClCompile>
    <ClCompile Include="GameObjects\MapObjects\ObjectsMap\Cloud1_Scene2.cpp">
      <Filter>Framework\GameObjects\MapObjects\ObjectsMap</Filter>
    </ClCompile>
    <ClCompile Include="GameObjects\MapObjects\ObjectsMap\Bin.cpp">
      <Filter>Framework\GameObjects\MapObjects\ObjectsMap</Filter>
    </ClCompile>
    <ClCompile Include="GameObjects\Player\PlayerGameOverState.cpp">
      <Filter>Framework\GameObjects\Player</Filter>
    </ClCompile>
    <ClCompile Include="Scenes\BeginScene.cpp">
      <Filter>Framework\Scenes</Filter>
    </ClCompile>
    <ClCompile Include="Scenes\GameOverScene.cpp">
      <Filter>Framework\Scenes</Filter>
    </ClCompile>
    <ClCompile Include="Scenes\CompleteScene.cpp">
      <Filter>Framework\Scenes</Filter>
    </ClCompile>
    <ClCompile Include="Scenes\VictoryScene.cpp">
      <Filter>Framework\Scenes</Filter>
    </ClCompile>
    <ClCompile Include="GameObjects\Player\PlayerMoveMoonState.cpp">
      <Filter>Framework\GameObjects\Player</Filter>
    </ClCompile>
    <ClCompile Include="GameObjects\Player\PlayerScene18PlusState.cpp">
      <Filter>Framework\GameObjects\Player</Filter>
    </ClCompile>
    <ClCompile Include="GameObjects\Player\PlayerScene18PlusStopState.cpp">
      <Filter>Framework\GameObjects\Player</Filter>
    </ClCompile>
  </ItemGroup>
  <ItemGroup>
    <ClInclude Include="GameComponents\Game.h">
      <Filter>Framework\GameComponents</Filter>
    </ClInclude>
    <ClInclude Include="GameComponents\GameGlobal.h">
      <Filter>Framework\GameComponents</Filter>
    </ClInclude>
    <ClInclude Include="GameComponents\GameTime.h">
      <Filter>Framework\GameComponents</Filter>
    </ClInclude>
    <ClInclude Include="GameComponents\Sprite.h">
      <Filter>Framework\GameComponents</Filter>
    </ClInclude>
    <ClInclude Include="GameComponents\Scene.h">
      <Filter>Framework\GameComponents</Filter>
    </ClInclude>
    <ClInclude Include="GameControllers\SceneManager.h">
      <Filter>Framework\GameControllers</Filter>
    </ClInclude>
    <ClInclude Include="GameComponents\Animation.h">
      <Filter>Framework\GameComponents</Filter>
    </ClInclude>
    <ClInclude Include="GameComponents\GameMap.h">
      <Filter>Framework\GameComponents</Filter>
    </ClInclude>
    <ClInclude Include="MapReader\base64.h">
      <Filter>Framework\MapReader</Filter>
    </ClInclude>
    <ClInclude Include="MapReader\tinyxml2.h">
      <Filter>Framework\MapReader</Filter>
    </ClInclude>
    <ClInclude Include="MapReader\TmxEllipse.h">
      <Filter>Framework\MapReader</Filter>
    </ClInclude>
    <ClInclude Include="MapReader\TmxImage.h">
      <Filter>Framework\MapReader</Filter>
    </ClInclude>
    <ClInclude Include="MapReader\TmxImageLayer.h">
      <Filter>Framework\MapReader</Filter>
    </ClInclude>
    <ClInclude Include="MapReader\TmxLayer.h">
      <Filter>Framework\MapReader</Filter>
    </ClInclude>
    <ClInclude Include="MapReader\TmxMap.h">
      <Filter>Framework\MapReader</Filter>
    </ClInclude>
    <ClInclude Include="MapReader\TmxMapTile.h">
      <Filter>Framework\MapReader</Filter>
    </ClInclude>
    <ClInclude Include="MapReader\TmxObject.h">
      <Filter>Framework\MapReader</Filter>
    </ClInclude>
    <ClInclude Include="MapReader\TmxObjectGroup.h">
      <Filter>Framework\MapReader</Filter>
    </ClInclude>
    <ClInclude Include="MapReader\TmxPoint.h">
      <Filter>Framework\MapReader</Filter>
    </ClInclude>
    <ClInclude Include="MapReader\TmxPolygon.h">
      <Filter>Framework\MapReader</Filter>
    </ClInclude>
    <ClInclude Include="MapReader\TmxPolyline.h">
      <Filter>Framework\MapReader</Filter>
    </ClInclude>
    <ClInclude Include="MapReader\TmxPropertySet.h">
      <Filter>Framework\MapReader</Filter>
    </ClInclude>
    <ClInclude Include="MapReader\TmxTerrain.h">
      <Filter>Framework\MapReader</Filter>
    </ClInclude>
    <ClInclude Include="MapReader\TmxTerrainArray.h">
      <Filter>Framework\MapReader</Filter>
    </ClInclude>
    <ClInclude Include="MapReader\TmxTile.h">
      <Filter>Framework\MapReader</Filter>
    </ClInclude>
    <ClInclude Include="MapReader\TmxTileLayer.h">
      <Filter>Framework\MapReader</Filter>
    </ClInclude>
    <ClInclude Include="MapReader\TmxTileOffset.h">
      <Filter>Framework\MapReader</Filter>
    </ClInclude>
    <ClInclude Include="MapReader\TmxTileset.h">
      <Filter>Framework\MapReader</Filter>
    </ClInclude>
    <ClInclude Include="MapReader\TmxUtil.h">
      <Filter>Framework\MapReader</Filter>
    </ClInclude>
    <ClInclude Include="MapReader\zconf.h">
      <Filter>Framework\MapReader</Filter>
    </ClInclude>
    <ClInclude Include="MapReader\zlib.h">
      <Filter>Framework\MapReader</Filter>
    </ClInclude>
    <ClInclude Include="GameComponents\Camera.h">
      <Filter>Framework\GameComponents</Filter>
    </ClInclude>
    <ClInclude Include="GameObjects\Player\Player.h">
      <Filter>Framework\GameObjects\Player</Filter>
    </ClInclude>
    <ClInclude Include="GameObjects\Player\PlayerData.h">
      <Filter>Framework\GameObjects\Player</Filter>
    </ClInclude>
    <ClInclude Include="GameObjects\Player\PlayerFallingState.h">
      <Filter>Framework\GameObjects\Player</Filter>
    </ClInclude>
    <ClInclude Include="GameObjects\Player\PlayerRunningState.h">
      <Filter>Framework\GameObjects\Player</Filter>
    </ClInclude>
    <ClInclude Include="GameObjects\Player\PlayerStandingState.h">
      <Filter>Framework\GameObjects\Player</Filter>
    </ClInclude>
    <ClInclude Include="GameObjects\Player\PlayerState.h">
      <Filter>Framework\GameObjects\Player</Filter>
    </ClInclude>
    <ClInclude Include="GameDefines\GameDefine.h">
      <Filter>Framework\GameDefines</Filter>
    </ClInclude>
    <ClInclude Include="GameObjects\Entity.h">
      <Filter>Framework\GameObjects</Filter>
    </ClInclude>
    <ClInclude Include="GameComponents\GameCollision.h">
      <Filter>Framework\GameComponents</Filter>
    </ClInclude>
    <ClInclude Include="GameComponents\QuadTree.h">
      <Filter>Framework\GameComponents</Filter>
    </ClInclude>
    <ClInclude Include="GameObjects\Player\PlayerSittingState.h">
      <Filter>Framework\GameObjects\Player</Filter>
    </ClInclude>
    <ClInclude Include="GameObjects\Player\PlayerStandingAttackState.h">
      <Filter>Framework\GameObjects\Player</Filter>
    </ClInclude>
    <ClInclude Include="GameObjects\Player\PlayerSittingAttackState.h">
      <Filter>Framework\GameObjects\Player</Filter>
    </ClInclude>
    <ClInclude Include="GameObjects\Player\PlayerStandingThrowAppleState.h">
      <Filter>Framework\GameObjects\Player</Filter>
    </ClInclude>
    <ClInclude Include="GameObjects\Player\PlayerVerticalClimbingState.h">
      <Filter>Framework\GameObjects\Player</Filter>
    </ClInclude>
    <ClInclude Include="GameObjects\Player\PlayerHorizontalClimbingState.h">
      <Filter>Framework\GameObjects\Player</Filter>
    </ClInclude>
    <ClInclude Include="Scenes\Scene1.h">
      <Filter>Framework\Scenes</Filter>
    </ClInclude>
    <ClInclude Include="GameObjects\Player\PlayerDeathState.h">
      <Filter>Framework\GameObjects\Player</Filter>
    </ClInclude>
    <ClInclude Include="GameObjects\Player\PlayerSittingThrowAppleState.h">
      <Filter>Framework\GameObjects\Player</Filter>
    </ClInclude>
    <ClInclude Include="GameObjects\Player\PlayerJumpingAttackState.h">
      <Filter>Framework\GameObjects\Player</Filter>
    </ClInclude>
    <ClInclude Include="GameObjects\Player\PlayerJumpingThrowAppleState.h">
      <Filter>Framework\GameObjects\Player</Filter>
    </ClInclude>
    <ClInclude Include="GameObjects\Player\PlayerDefaultState.h">
      <Filter>Framework\GameObjects\Player</Filter>
    </ClInclude>
    <ClInclude Include="GameObjects\Player\PlayerHorizontalClimbingDefaultState.h">
      <Filter>Framework\GameObjects\Player</Filter>
    </ClInclude>
    <ClInclude Include="GameObjects\Orokus\Oroku.h">
      <Filter>Framework\GameObjects\Orokus</Filter>
    </ClInclude>
    <ClInclude Include="GameObjects\Orokus\OrokuData.h">
      <Filter>Framework\GameObjects\Orokus</Filter>
    </ClInclude>
    <ClInclude Include="GameObjects\Orokus\OrokuState.h">
      <Filter>Framework\GameObjects\Orokus</Filter>
    </ClInclude>
    <ClInclude Include="GameObjects\Orokus\Guards\FatGuard.h">
      <Filter>Framework\GameObjects\Orokus\Guards</Filter>
    </ClInclude>
    <ClInclude Include="GameObjects\Orokus\Guards\FatGuardStandingState.h">
      <Filter>Framework\GameObjects\Orokus\Guards</Filter>
    </ClInclude>
    <ClInclude Include="GameObjects\Orokus\Guards\StrongGuard.h">
      <Filter>Framework\GameObjects\Orokus\Guards</Filter>
    </ClInclude>
    <ClInclude Include="GameObjects\Orokus\Guards\StrongGuardStandingState.h">
      <Filter>Framework\GameObjects\Orokus\Guards</Filter>
    </ClInclude>
    <ClInclude Include="GameObjects\Orokus\Guards\ThinGuard.h">
      <Filter>Framework\GameObjects\Orokus\Guards</Filter>
    </ClInclude>
    <ClInclude Include="GameObjects\Orokus\Guards\ThinGuardAttackState.h">
      <Filter>Framework\GameObjects\Orokus\Guards</Filter>
    </ClInclude>
    <ClInclude Include="GameObjects\Orokus\Guards\ThinGuardRunningState.h">
      <Filter>Framework\GameObjects\Orokus\Guards</Filter>
    </ClInclude>
    <ClInclude Include="GameObjects\Orokus\Guards\StrongGuardAttackState.h">
      <Filter>Framework\GameObjects\Orokus\Guards</Filter>
    </ClInclude>
    <ClInclude Include="GameObjects\Orokus\Guards\StrongGuardRunningState.h">
      <Filter>Framework\GameObjects\Orokus\Guards</Filter>
    </ClInclude>
    <ClInclude Include="GameObjects\Orokus\Guards\FatGuardAttackState.h">
      <Filter>Framework\GameObjects\Orokus\Guards</Filter>
    </ClInclude>
    <ClInclude Include="GameObjects\Orokus\Guards\FatGuardRunningState.h">
      <Filter>Framework\GameObjects\Orokus\Guards</Filter>
    </ClInclude>
    <ClInclude Include="GameObjects\Orokus\Guards\FatGuardDefaultState.h">
      <Filter>Framework\GameObjects\Orokus\Guards</Filter>
    </ClInclude>
    <ClInclude Include="GameObjects\Player\PlayerStandingJumpState.h">
      <Filter>Framework\GameObjects\Player</Filter>
    </ClInclude>
    <ClInclude Include="GameObjects\Player\PlayerRunningJumpState.h">
      <Filter>Framework\GameObjects\Player</Filter>
    </ClInclude>
    <ClInclude Include="GameObjects\Player\PlayerRunningStopState.h">
      <Filter>Framework\GameObjects\Player</Filter>
    </ClInclude>
    <ClInclude Include="GameObjects\Player\PlayerFallingStopState.h">
      <Filter>Framework\GameObjects\Player</Filter>
    </ClInclude>
    <ClInclude Include="GameObjects\Player\PlayerPushingState.h">
      <Filter>Framework\GameObjects\Player</Filter>
    </ClInclude>
    <ClInclude Include="GameObjects\Player\PlayerClimbingAttackState.h">
      <Filter>Framework\GameObjects\Player</Filter>
    </ClInclude>
    <ClInclude Include="GameObjects\Player\PlayerClimbingThrowAppleState.h">
      <Filter>Framework\GameObjects\Player</Filter>
    </ClInclude>
    <ClInclude Include="GameObjects\Player\PlayerVerticalClimbingDefaultState.h">
      <Filter>Framework\GameObjects\Player</Filter>
    </ClInclude>
    <ClInclude Include="GameObjects\Player\PlayerVerticalClimbingJumpState.h">
      <Filter>Framework\GameObjects\Player</Filter>
    </ClInclude>
    <ClInclude Include="GameObjects\Player\PlayerStandingUpState.h">
      <Filter>Framework\GameObjects\Player</Filter>
    </ClInclude>
    <ClInclude Include="GameObjects\Player\PlayerStandingUpStopState.h">
      <Filter>Framework\GameObjects\Player</Filter>
    </ClInclude>
    <ClInclude Include="GameObjects\Orokus\Guards\ThinGuardDefaultState.h">
      <Filter>Framework\GameObjects\Orokus\Guards</Filter>
    </ClInclude>
    <ClInclude Include="GameObjects\Orokus\Guards\FatGuardHurtingState.h">
      <Filter>Framework\GameObjects\Orokus\Guards</Filter>
    </ClInclude>
    <ClInclude Include="GameObjects\Orokus\Guards\StrongGuardRunningFireState.h">
      <Filter>Framework\GameObjects\Orokus\Guards</Filter>
    </ClInclude>
    <ClInclude Include="GameObjects\Orokus\Guards\StrongGuardHurtingState.h">
      <Filter>Framework\GameObjects\Orokus\Guards</Filter>
    </ClInclude>
    <ClInclude Include="GameObjects\Orokus\Guards\ThinGuardHurtingState.h">
      <Filter>Framework\GameObjects\Orokus\Guards</Filter>
    </ClInclude>
    <ClInclude Include="GameObjects\Orokus\Camel\Camel.h">
      <Filter>Framework\GameObjects\Orokus\Camel</Filter>
    </ClInclude>
    <ClInclude Include="GameObjects\Orokus\Camel\CamelDefaultState.h">
      <Filter>Framework\GameObjects\Orokus\Camel</Filter>
    </ClInclude>
    <ClInclude Include="GameObjects\Orokus\Camel\CamelLyingState.h">
      <Filter>Framework\GameObjects\Orokus\Camel</Filter>
    </ClInclude>
    <ClInclude Include="GameObjects\Orokus\Civilians\CivilianWindow.h">
      <Filter>Framework\GameObjects\Orokus\Civilians</Filter>
    </ClInclude>
    <ClInclude Include="GameObjects\Orokus\Civilians\CivilianWindowThrowPotState.h">
      <Filter>Framework\GameObjects\Orokus\Civilians</Filter>
    </ClInclude>
    <ClInclude Include="GameObjects\Orokus\Civilians\CivilianWindowDefaultState.h">
      <Filter>Framework\GameObjects\Orokus\Civilians</Filter>
    </ClInclude>
    <ClInclude Include="GameObjects\Orokus\Civilians\CivilianCircus.h">
      <Filter>Framework\GameObjects\Orokus\Civilians</Filter>
    </ClInclude>
    <ClInclude Include="GameObjects\Orokus\Civilians\CivilianCircusStandingState.h">
      <Filter>Framework\GameObjects\Orokus\Civilians</Filter>
    </ClInclude>
    <ClInclude Include="GameObjects\MapObjects\Items\RevitalizationAction.h">
      <Filter>Framework\GameObjects\MapObjects\Items</Filter>
    </ClInclude>
    <ClInclude Include="GameObjects\MapObjects\Items\RevitalizationActionStop.h">
      <Filter>Framework\GameObjects\MapObjects\Items</Filter>
    </ClInclude>
    <ClInclude Include="GameObjects\MapObjects\Items\RevitalizationDefault.h">
      <Filter>Framework\GameObjects\MapObjects\Items</Filter>
    </ClInclude>
    <ClInclude Include="GameObjects\MapObjects\MapObject.h">
      <Filter>Framework\GameObjects\MapObjects</Filter>
    </ClInclude>
    <ClInclude Include="GameObjects\MapObjects\Items\AppleItem.h">
      <Filter>Framework\GameObjects\MapObjects\Items</Filter>
    </ClInclude>
    <ClInclude Include="GameObjects\MapObjects\Weapons\AppleWeapon.h">
      <Filter>Framework\GameObjects\MapObjects\Weapons</Filter>
    </ClInclude>
    <ClInclude Include="GameObjects\MapObjects\Weapons\PotWeapon.h">
      <Filter>Framework\GameObjects\MapObjects\Weapons</Filter>
    </ClInclude>
    <ClInclude Include="GameObjects\MapObjects\Weapons\PotWeaponEffect.h">
      <Filter>Framework\GameObjects\MapObjects\Weapons</Filter>
    </ClInclude>
    <ClInclude Include="GameObjects\MapObjects\Weapons\SwordWeapon.h">
      <Filter>Framework\GameObjects\MapObjects\Weapons</Filter>
    </ClInclude>
    <ClInclude Include="GameObjects\MapObjects\Weapons\AppleWeaponEffect.h">
      <Filter>Framework\GameObjects\MapObjects\Weapons</Filter>
    </ClInclude>
    <ClInclude Include="GameObjects\MapObjects\Items\Lamp.h">
      <Filter>Framework\GameObjects\MapObjects\Items</Filter>
    </ClInclude>
    <ClInclude Include="GameObjects\MapObjects\Items\LampEffect.h">
      <Filter>Framework\GameObjects\MapObjects\Items</Filter>
    </ClInclude>
    <ClInclude Include="GameObjects\MapObjects\Items\LampAttack.h">
      <Filter>Framework\GameObjects\MapObjects\Items</Filter>
    </ClInclude>
    <ClInclude Include="GameObjects\MapObjects\Items\HeadGenie.h">
      <Filter>Framework\GameObjects\MapObjects\Items</Filter>
    </ClInclude>
    <ClInclude Include="GameObjects\MapObjects\Items\Heart.h">
      <Filter>Framework\GameObjects\MapObjects\Items</Filter>
    </ClInclude>
    <ClInclude Include="GameObjects\MapObjects\Items\Life.h">
      <Filter>Framework\GameObjects\MapObjects\Items</Filter>
    </ClInclude>
    <ClInclude Include="GameObjects\MapObjects\ObjectsMap\Stairs.h">
      <Filter>Framework\GameObjects\MapObjects\ObjectsMap</Filter>
    </ClInclude>
    <ClInclude Include="GameObjects\Player\PlayerSomersaultState.h">
      <Filter>Framework\GameObjects\Player</Filter>
    </ClInclude>
    <ClInclude Include="GameObjects\MapObjects\ObjectsMap\Spring.h">
      <Filter>Framework\GameObjects\MapObjects\ObjectsMap</Filter>
    </ClInclude>
    <ClInclude Include="GameObjects\MapObjects\Items\Ruby.h">
      <Filter>Framework\GameObjects\MapObjects\Items</Filter>
    </ClInclude>
    <ClInclude Include="GameObjects\MapObjects\Items\ItemEffect_1.h">
      <Filter>Framework\GameObjects\MapObjects\Items</Filter>
    </ClInclude>
    <ClInclude Include="GameObjects\MapObjects\Items\ItemEffect_2.h">
      <Filter>Framework\GameObjects\MapObjects\Items</Filter>
    </ClInclude>
    <ClInclude Include="GameObjects\Player\PlayerRevivalState.h">
      <Filter>Framework\GameObjects\Player</Filter>
    </ClInclude>
    <ClInclude Include="GameObjects\Orokus\Civilians\CivilianBasket.h">
      <Filter>Framework\GameObjects\Orokus\Civilians</Filter>
    </ClInclude>
    <ClInclude Include="GameObjects\Orokus\Civilians\CivilianBasketAttackState.h">
      <Filter>Framework\GameObjects\Orokus\Civilians</Filter>
    </ClInclude>
    <ClInclude Include="GameObjects\Orokus\Civilians\CivilianBasketRunningState.h">
      <Filter>Framework\GameObjects\Orokus\Civilians</Filter>
    </ClInclude>
    <ClInclude Include="GameObjects\Orokus\Civilians\CivilianBasketStandingState.h">
      <Filter>Framework\GameObjects\Orokus\Civilians</Filter>
    </ClInclude>
    <ClInclude Include="GameObjects\MapObjects\Items\FeddlerMagic.h">
      <Filter>Framework\GameObjects\MapObjects\Items</Filter>
    </ClInclude>
    <ClInclude Include="GameObjects\MapObjects\Items\FeddlerMagicStop.h">
      <Filter>Framework\GameObjects\MapObjects\Items</Filter>
    </ClInclude>
    <ClInclude Include="GameObjects\MapObjects\Items\FeddlerStanding.h">
      <Filter>Framework\GameObjects\MapObjects\Items</Filter>
    </ClInclude>
    <ClInclude Include="GameObjects\MapObjects\Items\OrokuEffect.h">
      <Filter>Framework\GameObjects\MapObjects\Items</Filter>
    </ClInclude>
    <ClInclude Include="GameObjects\Orokus\BossJafar\Jafar.h">
      <Filter>Framework\GameObjects\Orokus\BossJafar</Filter>
    </ClInclude>
    <ClInclude Include="GameObjects\Orokus\BossJafar\JafarSnakeAttackState.h">
      <Filter>Framework\GameObjects\Orokus\BossJafar</Filter>
    </ClInclude>
    <ClInclude Include="GameObjects\Orokus\BossJafar\JafarWitchAttackState.h">
      <Filter>Framework\GameObjects\Orokus\BossJafar</Filter>
    </ClInclude>
    <ClInclude Include="GameObjects\Orokus\BossJafar\JafarDefaultState.h">
      <Filter>Framework\GameObjects\Orokus\BossJafar</Filter>
    </ClInclude>
    <ClInclude Include="GameObjects\MapObjects\Weapons\FireEffect.h">
      <Filter>Framework\GameObjects\MapObjects\Weapons</Filter>
    </ClInclude>
    <ClInclude Include="GameObjects\MapObjects\Weapons\FireWeapon.h">
      <Filter>Framework\GameObjects\MapObjects\Weapons</Filter>
    </ClInclude>
    <ClInclude Include="GameObjects\MapObjects\Weapons\StarWeapon.h">
      <Filter>Framework\GameObjects\MapObjects\Weapons</Filter>
    </ClInclude>
    <ClInclude Include="GameObjects\MapObjects\Weapons\StarWeaponEffect.h">
      <Filter>Framework\GameObjects\MapObjects\Weapons</Filter>
    </ClInclude>
    <ClInclude Include="GameObjects\MapObjects\Weapons\AppleWeaponEffectBoss.h">
      <Filter>Framework\GameObjects\MapObjects\Weapons</Filter>
    </ClInclude>
    <ClInclude Include="GameComponents\Sound.h">
      <Filter>Framework\GameComponents</Filter>
    </ClInclude>
    <ClInclude Include="GameComponents\Text.h">
      <Filter>Framework\GameComponents</Filter>
    </ClInclude>
    <ClInclude Include="GameObjects\MapObjects\ObjectsMap\SpringAction.h">
      <Filter>Framework\GameObjects\MapObjects\ObjectsMap</Filter>
    </ClInclude>
    <ClInclude Include="GameObjects\MapObjects\Weapons\SwordWeaponEffect.h">
      <Filter>Framework\GameObjects\MapObjects\Weapons</Filter>
    </ClInclude>
    <ClInclude Include="GameObjects\MapObjects\ObjectsMap\Cloud1_Scene1.h">
      <Filter>Framework\GameObjects\MapObjects\ObjectsMap</Filter>
    </ClInclude>
    <ClInclude Include="GameObjects\MapObjects\ObjectsMap\Cloud2_Scene1.h">
      <Filter>Framework\GameObjects\MapObjects\ObjectsMap</Filter>
    </ClInclude>
    <ClInclude Include="Scenes\Scene2.h">
      <Filter>Framework\Scenes</Filter>
    </ClInclude>
    <ClInclude Include="GameObjects\MapObjects\ObjectsMap\Cloud2_Scene2.h">
      <Filter>Framework\GameObjects\MapObjects\ObjectsMap</Filter>
    </ClInclude>
    <ClInclude Include="GameObjects\MapObjects\ObjectsMap\Cloud1_Scene2.h">
      <Filter>Framework\GameObjects\MapObjects\ObjectsMap</Filter>
    </ClInclude>
    <ClInclude Include="GameObjects\MapObjects\ObjectsMap\Bin.h">
      <Filter>Framework\GameObjects\MapObjects\ObjectsMap</Filter>
    </ClInclude>
    <ClInclude Include="GameObjects\Player\PlayerGameOverState.h">
      <Filter>Framework\GameObjects\Player</Filter>
    </ClInclude>
    <ClInclude Include="Scenes\BeginScene.h">
      <Filter>Framework\Scenes</Filter>
    </ClInclude>
    <ClInclude Include="Scenes\GameOverScene.h">
      <Filter>Framework\Scenes</Filter>
    </ClInclude>
    <ClInclude Include="Scenes\CompleteScene.h">
      <Filter>Framework\Scenes</Filter>
    </ClInclude>
    <ClInclude Include="Scenes\VictoryScene.h">
      <Filter>Framework\Scenes</Filter>
    </ClInclude>
    <ClInclude Include="GameObjects\Player\PlayerMoveMoonState.h">
      <Filter>Framework\GameObjects\Player</Filter>
    </ClInclude>
    <ClInclude Include="GameObjects\Player\PlayerScene18PlusState.h">
      <Filter>Framework\GameObjects\Player</Filter>
    </ClInclude>
    <ClInclude Include="GameObjects\Player\PlayerScene18PlusStopState.h">
      <Filter>Framework\GameObjects\Player</Filter>
    </ClInclude>
  </ItemGroup>
  <ItemGroup>
    <None Include="MapReader\Tmx.h.in">
      <Filter>Framework\MapReader</Filter>
    </None>
  </ItemGroup>
</Project>